
Microsoft Visual Studio Solution File, Format Version 12.00
# Visual Studio Version 17
VisualStudioVersion = 17.8.34316.72
MinimumVisualStudioVersion = 10.0.40219.1
Project("{2150E333-8FDC-42A3-9474-1A3956D46DE8}") = "Services", "Services", "{3A2BF384-56B7-4A26-98BC-FE9432955446}"
EndProject
Project("{2150E333-8FDC-42A3-9474-1A3956D46DE8}") = "Catalog", "Catalog", "{B778C20B-C7BA-4390-B7C6-C850A9177049}"
EndProject
Project("{9A19103F-16F7-4668-BE54-9A1E7A4F7556}") = "Catalog.Api", "Services\Catalog\Catalog.Api\Catalog.Api.csproj", "{01C7844B-12F6-492B-91C6-1CDAC6FF36FB}"
EndProject
Project("{E53339B2-1760-4266-BCC7-CA923CBCF16C}") = "docker-compose", "docker-compose.dcproj", "{0528FA05-85DD-4621-B0EA-2A8792F2EF4F}"
EndProject
Project("{2150E333-8FDC-42A3-9474-1A3956D46DE8}") = "Basket", "Basket", "{E4C86966-8BA5-43E7-A1E2-90F142A5F23C}"
EndProject
Project("{9A19103F-16F7-4668-BE54-9A1E7A4F7556}") = "Basket.Api", "Services\Basket\Basket.Api\Basket.Api.csproj", "{15BA9D06-E666-4129-B7ED-3F6A7FABC576}"
EndProject
Project("{2150E333-8FDC-42A3-9474-1A3956D46DE8}") = "Discount", "Discount", "{11CB7F22-12C2-453A-828A-159DD19310B8}"
EndProject
Project("{9A19103F-16F7-4668-BE54-9A1E7A4F7556}") = "Discount.Api", "Services\Discount\Discount.Api\Discount.Api.csproj", "{0AE28884-C651-476D-873E-E95981E3DEDA}"
EndProject
Project("{9A19103F-16F7-4668-BE54-9A1E7A4F7556}") = "Discount.grpc", "Services\Discount\Discount.grpc\Discount.grpc.csproj", "{F0EC96AE-B636-495B-AF05-824F5D95378A}"
EndProject
Global
	GlobalSection(SolutionConfigurationPlatforms) = preSolution
		Debug|Any CPU = Debug|Any CPU
		Release|Any CPU = Release|Any CPU
	EndGlobalSection
	GlobalSection(ProjectConfigurationPlatforms) = postSolution
		{01C7844B-12F6-492B-91C6-1CDAC6FF36FB}.Debug|Any CPU.ActiveCfg = Debug|Any CPU
		{01C7844B-12F6-492B-91C6-1CDAC6FF36FB}.Debug|Any CPU.Build.0 = Debug|Any CPU
		{01C7844B-12F6-492B-91C6-1CDAC6FF36FB}.Release|Any CPU.ActiveCfg = Release|Any CPU
		{01C7844B-12F6-492B-91C6-1CDAC6FF36FB}.Release|Any CPU.Build.0 = Release|Any CPU
		{0528FA05-85DD-4621-B0EA-2A8792F2EF4F}.Debug|Any CPU.ActiveCfg = Debug|Any CPU
		{0528FA05-85DD-4621-B0EA-2A8792F2EF4F}.Debug|Any CPU.Build.0 = Debug|Any CPU
		{0528FA05-85DD-4621-B0EA-2A8792F2EF4F}.Release|Any CPU.ActiveCfg = Release|Any CPU
		{0528FA05-85DD-4621-B0EA-2A8792F2EF4F}.Release|Any CPU.Build.0 = Release|Any CPU
		{15BA9D06-E666-4129-B7ED-3F6A7FABC576}.Debug|Any CPU.ActiveCfg = Debug|Any CPU
		{15BA9D06-E666-4129-B7ED-3F6A7FABC576}.Debug|Any CPU.Build.0 = Debug|Any CPU
		{15BA9D06-E666-4129-B7ED-3F6A7FABC576}.Release|Any CPU.ActiveCfg = Release|Any CPU
		{15BA9D06-E666-4129-B7ED-3F6A7FABC576}.Release|Any CPU.Build.0 = Release|Any CPU
		{0AE28884-C651-476D-873E-E95981E3DEDA}.Debug|Any CPU.ActiveCfg = Debug|Any CPU
		{0AE28884-C651-476D-873E-E95981E3DEDA}.Debug|Any CPU.Build.0 = Debug|Any CPU
		{0AE28884-C651-476D-873E-E95981E3DEDA}.Release|Any CPU.ActiveCfg = Release|Any CPU
		{0AE28884-C651-476D-873E-E95981E3DEDA}.Release|Any CPU.Build.0 = Release|Any CPU
		{F0EC96AE-B636-495B-AF05-824F5D95378A}.Debug|Any CPU.ActiveCfg = Debug|Any CPU
		{F0EC96AE-B636-495B-AF05-824F5D95378A}.Debug|Any CPU.Build.0 = Debug|Any CPU
		{F0EC96AE-B636-495B-AF05-824F5D95378A}.Release|Any CPU.ActiveCfg = Release|Any CPU
		{F0EC96AE-B636-495B-AF05-824F5D95378A}.Release|Any CPU.Build.0 = Release|Any CPU
	EndGlobalSection
	GlobalSection(SolutionProperties) = preSolution
		HideSolutionNode = FALSE
	EndGlobalSection
	GlobalSection(NestedProjects) = preSolution
		{B778C20B-C7BA-4390-B7C6-C850A9177049} = {3A2BF384-56B7-4A26-98BC-FE9432955446}
		{01C7844B-12F6-492B-91C6-1CDAC6FF36FB} = {B778C20B-C7BA-4390-B7C6-C850A9177049}
		{E4C86966-8BA5-43E7-A1E2-90F142A5F23C} = {3A2BF384-56B7-4A26-98BC-FE9432955446}
		{15BA9D06-E666-4129-B7ED-3F6A7FABC576} = {E4C86966-8BA5-43E7-A1E2-90F142A5F23C}
		{11CB7F22-12C2-453A-828A-159DD19310B8} = {3A2BF384-56B7-4A26-98BC-FE9432955446}
		{0AE28884-C651-476D-873E-E95981E3DEDA} = {11CB7F22-12C2-453A-828A-159DD19310B8}
		{F0EC96AE-B636-495B-AF05-824F5D95378A} = {11CB7F22-12C2-453A-828A-159DD19310B8}
	EndGlobalSection
	GlobalSection(ExtensibilityGlobals) = postSolution
		SolutionGuid = {4FEC412B-C19B-49A6-AE9C-9B671398D360}
	EndGlobalSection
EndGlobal
